
Microsoft Visual Studio Solution File, Format Version 12.00
# Visual Studio 2012
Project("{FAE04EC0-301F-11D3-BF4B-00C04F79EFBC}") = "VisualLearningAssistant", "VisualLearningAssistant\VisualLearningAssistant.csproj", "{0F66E207-FF69-4CF5-8631-4B4900A2684F}"
EndProject
Project("{2150E333-8FDC-42A3-9474-1A3956D46DE8}") = "Plug-ins", "Plug-ins", "{D87FE5AA-27B2-413F-9EDE-E4E6CCC93ADB}"
EndProject
Project("{2150E333-8FDC-42A3-9474-1A3956D46DE8}") = "Frameworks", "Frameworks", "{339A4375-CB14-4F87-9FBF-5304841BD314}"
EndProject
Project("{2150E333-8FDC-42A3-9474-1A3956D46DE8}") = "Extensions", "Extensions", "{4C5CD765-7035-4ED0-8845-46A1C426242E}"
EndProject
Project("{FAE04EC0-301F-11D3-BF4B-00C04F79EFBC}") = "VLASaveLog", "Extensions\VLASaveLog\VLASaveLog.csproj", "{9341410E-4AA3-416A-B44E-88745DECBE81}"
EndProject
Project("{FAE04EC0-301F-11D3-BF4B-00C04F79EFBC}") = "VLAPluginLib", "Frameworks\VLAPluginLib\VLAPluginLib.csproj", "{2D6CDDA3-B88F-4BD3-B225-1BE9E57230D3}"
EndProject
Project("{FAE04EC0-301F-11D3-BF4B-00C04F79EFBC}") = "VLAControlLib", "Frameworks\VLAControlLib\VLAControlLib.csproj", "{4D85DDC5-17C1-4DC3-B1FF-C97995CB264A}"
EndProject
Project("{FAE04EC0-301F-11D3-BF4B-00C04F79EFBC}") = "VLAArrays", "Plug-ins\VLAArrays\VLAArrays.csproj", "{1EE639C5-0D29-49A1-814B-0CCF3FAFF4A6}"
EndProject
Project("{FAE04EC0-301F-11D3-BF4B-00C04F79EFBC}") = "VLALinkedList", "Plug-ins\VLALinkedList\VLALinkedList.csproj", "{3DCD6E13-B8CE-43EE-8FC5-9505707AFB26}"
EndProject
Project("{FAE04EC0-301F-11D3-BF4B-00C04F79EFBC}") = "VLAShortestPath", "Plug-ins\VLAShortestPath\VLAShortestPath.csproj", "{CE5CCB8B-F8D9-4129-BC22-4F7B18383B7C}"
EndProject
Project("{FAE04EC0-301F-11D3-BF4B-00C04F79EFBC}") = "VLAHuffman", "Plug-ins\VLAHuffman\VLAHuffman.csproj", "{731256B5-200B-4CF5-85A9-84645BB875B3}"
EndProject
Project("{FAE04EC0-301F-11D3-BF4B-00C04F79EFBC}") = "VLABinaryTree", "Plug-ins\VLABinaryTree\VLABinaryTree.csproj", "{60CB4372-FB55-4C99-BB24-769BAB39E96F}"
EndProject
Project("{FAE04EC0-301F-11D3-BF4B-00C04F79EFBC}") = "VLAGenetics", "Plug-ins\VLAGenetics\VLAGenetics.csproj", "{ABF29B87-15B0-4F08-94C4-415EC14BA515}"
EndProject
Project("{FAE04EC0-301F-11D3-BF4B-00C04F79EFBC}") = "VLANeuralNetwork", "Plug-ins\VLANeuralNetwork\VLANeuralNetwork.csproj", "{8B682AA3-8686-4224-BDE8-52F40DDAA09D}"
EndProject
Global
	GlobalSection(SolutionConfigurationPlatforms) = preSolution
		Debug|Any CPU = Debug|Any CPU
		Debug|Mixed Platforms = Debug|Mixed Platforms
		Debug|x86 = Debug|x86
		Release|Any CPU = Release|Any CPU
		Release|Mixed Platforms = Release|Mixed Platforms
		Release|x86 = Release|x86
	EndGlobalSection
	GlobalSection(ProjectConfigurationPlatforms) = postSolution
		{0F66E207-FF69-4CF5-8631-4B4900A2684F}.Debug|Any CPU.ActiveCfg = Debug|Any CPU
		{0F66E207-FF69-4CF5-8631-4B4900A2684F}.Debug|Any CPU.Build.0 = Debug|Any CPU
		{0F66E207-FF69-4CF5-8631-4B4900A2684F}.Debug|Mixed Platforms.ActiveCfg = Debug|Any CPU
		{0F66E207-FF69-4CF5-8631-4B4900A2684F}.Debug|Mixed Platforms.Build.0 = Debug|Any CPU
		{0F66E207-FF69-4CF5-8631-4B4900A2684F}.Debug|x86.ActiveCfg = Debug|Any CPU
		{0F66E207-FF69-4CF5-8631-4B4900A2684F}.Release|Any CPU.ActiveCfg = Release|Any CPU
		{0F66E207-FF69-4CF5-8631-4B4900A2684F}.Release|Any CPU.Build.0 = Release|Any CPU
		{0F66E207-FF69-4CF5-8631-4B4900A2684F}.Release|Mixed Platforms.ActiveCfg = Release|Any CPU
		{0F66E207-FF69-4CF5-8631-4B4900A2684F}.Release|Mixed Platforms.Build.0 = Release|Any CPU
		{0F66E207-FF69-4CF5-8631-4B4900A2684F}.Release|x86.ActiveCfg = Release|Any CPU
		{9341410E-4AA3-416A-B44E-88745DECBE81}.Debug|Any CPU.ActiveCfg = Debug|Any CPU
		{9341410E-4AA3-416A-B44E-88745DECBE81}.Debug|Any CPU.Build.0 = Debug|Any CPU
		{9341410E-4AA3-416A-B44E-88745DECBE81}.Debug|Mixed Platforms.ActiveCfg = Debug|Any CPU
		{9341410E-4AA3-416A-B44E-88745DECBE81}.Debug|Mixed Platforms.Build.0 = Debug|Any CPU
		{9341410E-4AA3-416A-B44E-88745DECBE81}.Debug|x86.ActiveCfg = Debug|Any CPU
		{9341410E-4AA3-416A-B44E-88745DECBE81}.Release|Any CPU.ActiveCfg = Release|Any CPU
		{9341410E-4AA3-416A-B44E-88745DECBE81}.Release|Any CPU.Build.0 = Release|Any CPU
		{9341410E-4AA3-416A-B44E-88745DECBE81}.Release|Mixed Platforms.ActiveCfg = Release|Any CPU
		{9341410E-4AA3-416A-B44E-88745DECBE81}.Release|Mixed Platforms.Build.0 = Release|Any CPU
		{9341410E-4AA3-416A-B44E-88745DECBE81}.Release|x86.ActiveCfg = Release|Any CPU
		{2D6CDDA3-B88F-4BD3-B225-1BE9E57230D3}.Debug|Any CPU.ActiveCfg = Debug|Any CPU
		{2D6CDDA3-B88F-4BD3-B225-1BE9E57230D3}.Debug|Any CPU.Build.0 = Debug|Any CPU
		{2D6CDDA3-B88F-4BD3-B225-1BE9E57230D3}.Debug|Mixed Platforms.ActiveCfg = Debug|Any CPU
		{2D6CDDA3-B88F-4BD3-B225-1BE9E57230D3}.Debug|Mixed Platforms.Build.0 = Debug|Any CPU
		{2D6CDDA3-B88F-4BD3-B225-1BE9E57230D3}.Debug|x86.ActiveCfg = Debug|Any CPU
		{2D6CDDA3-B88F-4BD3-B225-1BE9E57230D3}.Release|Any CPU.ActiveCfg = Release|Any CPU
		{2D6CDDA3-B88F-4BD3-B225-1BE9E57230D3}.Release|Any CPU.Build.0 = Release|Any CPU
		{2D6CDDA3-B88F-4BD3-B225-1BE9E57230D3}.Release|Mixed Platforms.ActiveCfg = Release|Any CPU
		{2D6CDDA3-B88F-4BD3-B225-1BE9E57230D3}.Release|Mixed Platforms.Build.0 = Release|Any CPU
		{2D6CDDA3-B88F-4BD3-B225-1BE9E57230D3}.Release|x86.ActiveCfg = Release|Any CPU
		{4D85DDC5-17C1-4DC3-B1FF-C97995CB264A}.Debug|Any CPU.ActiveCfg = Debug|Any CPU
		{4D85DDC5-17C1-4DC3-B1FF-C97995CB264A}.Debug|Any CPU.Build.0 = Debug|Any CPU
		{4D85DDC5-17C1-4DC3-B1FF-C97995CB264A}.Debug|Mixed Platforms.ActiveCfg = Debug|Any CPU
		{4D85DDC5-17C1-4DC3-B1FF-C97995CB264A}.Debug|Mixed Platforms.Build.0 = Debug|Any CPU
		{4D85DDC5-17C1-4DC3-B1FF-C97995CB264A}.Debug|x86.ActiveCfg = Debug|Any CPU
		{4D85DDC5-17C1-4DC3-B1FF-C97995CB264A}.Release|Any CPU.ActiveCfg = Release|Any CPU
		{4D85DDC5-17C1-4DC3-B1FF-C97995CB264A}.Release|Any CPU.Build.0 = Release|Any CPU
		{4D85DDC5-17C1-4DC3-B1FF-C97995CB264A}.Release|Mixed Platforms.ActiveCfg = Release|Any CPU
		{4D85DDC5-17C1-4DC3-B1FF-C97995CB264A}.Release|Mixed Platforms.Build.0 = Release|Any CPU
		{4D85DDC5-17C1-4DC3-B1FF-C97995CB264A}.Release|x86.ActiveCfg = Release|Any CPU
		{1EE639C5-0D29-49A1-814B-0CCF3FAFF4A6}.Debug|Any CPU.ActiveCfg = Debug|Any CPU
		{1EE639C5-0D29-49A1-814B-0CCF3FAFF4A6}.Debug|Any CPU.Build.0 = Debug|Any CPU
		{1EE639C5-0D29-49A1-814B-0CCF3FAFF4A6}.Debug|Mixed Platforms.ActiveCfg = Debug|Any CPU
		{1EE639C5-0D29-49A1-814B-0CCF3FAFF4A6}.Debug|Mixed Platforms.Build.0 = Debug|Any CPU
		{1EE639C5-0D29-49A1-814B-0CCF3FAFF4A6}.Debug|x86.ActiveCfg = Debug|Any CPU
		{1EE639C5-0D29-49A1-814B-0CCF3FAFF4A6}.Release|Any CPU.ActiveCfg = Release|Any CPU
		{1EE639C5-0D29-49A1-814B-0CCF3FAFF4A6}.Release|Any CPU.Build.0 = Release|Any CPU
		{1EE639C5-0D29-49A1-814B-0CCF3FAFF4A6}.Release|Mixed Platforms.ActiveCfg = Release|Any CPU
		{1EE639C5-0D29-49A1-814B-0CCF3FAFF4A6}.Release|Mixed Platforms.Build.0 = Release|Any CPU
		{1EE639C5-0D29-49A1-814B-0CCF3FAFF4A6}.Release|x86.ActiveCfg = Release|Any CPU
		{3DCD6E13-B8CE-43EE-8FC5-9505707AFB26}.Debug|Any CPU.ActiveCfg = Debug|Any CPU
		{3DCD6E13-B8CE-43EE-8FC5-9505707AFB26}.Debug|Any CPU.Build.0 = Debug|Any CPU
		{3DCD6E13-B8CE-43EE-8FC5-9505707AFB26}.Debug|Mixed Platforms.ActiveCfg = Debug|Any CPU
		{3DCD6E13-B8CE-43EE-8FC5-9505707AFB26}.Debug|Mixed Platforms.Build.0 = Debug|Any CPU
		{3DCD6E13-B8CE-43EE-8FC5-9505707AFB26}.Debug|x86.ActiveCfg = Debug|Any CPU
		{3DCD6E13-B8CE-43EE-8FC5-9505707AFB26}.Release|Any CPU.ActiveCfg = Release|Any CPU
		{3DCD6E13-B8CE-43EE-8FC5-9505707AFB26}.Release|Any CPU.Build.0 = Release|Any CPU
		{3DCD6E13-B8CE-43EE-8FC5-9505707AFB26}.Release|Mixed Platforms.ActiveCfg = Release|Any CPU
		{3DCD6E13-B8CE-43EE-8FC5-9505707AFB26}.Release|Mixed Platforms.Build.0 = Release|Any CPU
		{3DCD6E13-B8CE-43EE-8FC5-9505707AFB26}.Release|x86.ActiveCfg = Release|Any CPU
		{CE5CCB8B-F8D9-4129-BC22-4F7B18383B7C}.Debug|Any CPU.ActiveCfg = Debug|Any CPU
		{CE5CCB8B-F8D9-4129-BC22-4F7B18383B7C}.Debug|Any CPU.Build.0 = Debug|Any CPU
		{CE5CCB8B-F8D9-4129-BC22-4F7B18383B7C}.Debug|Mixed Platforms.ActiveCfg = Debug|Any CPU
		{CE5CCB8B-F8D9-4129-BC22-4F7B18383B7C}.Debug|Mixed Platforms.Build.0 = Debug|Any CPU
		{CE5CCB8B-F8D9-4129-BC22-4F7B18383B7C}.Debug|x86.ActiveCfg = Debug|Any CPU
		{CE5CCB8B-F8D9-4129-BC22-4F7B18383B7C}.Release|Any CPU.ActiveCfg = Release|Any CPU
		{CE5CCB8B-F8D9-4129-BC22-4F7B18383B7C}.Release|Any CPU.Build.0 = Release|Any CPU
		{CE5CCB8B-F8D9-4129-BC22-4F7B18383B7C}.Release|Mixed Platforms.ActiveCfg = Release|Any CPU
		{CE5CCB8B-F8D9-4129-BC22-4F7B18383B7C}.Release|Mixed Platforms.Build.0 = Release|Any CPU
		{CE5CCB8B-F8D9-4129-BC22-4F7B18383B7C}.Release|x86.ActiveCfg = Release|Any CPU
		{731256B5-200B-4CF5-85A9-84645BB875B3}.Debug|Any CPU.ActiveCfg = Debug|Any CPU
		{731256B5-200B-4CF5-85A9-84645BB875B3}.Debug|Any CPU.Build.0 = Debug|Any CPU
		{731256B5-200B-4CF5-85A9-84645BB875B3}.Debug|Mixed Platforms.ActiveCfg = Debug|Any CPU
		{731256B5-200B-4CF5-85A9-84645BB875B3}.Debug|Mixed Platforms.Build.0 = Debug|Any CPU
		{731256B5-200B-4CF5-85A9-84645BB875B3}.Debug|x86.ActiveCfg = Debug|Any CPU
		{731256B5-200B-4CF5-85A9-84645BB875B3}.Release|Any CPU.ActiveCfg = Release|Any CPU
		{731256B5-200B-4CF5-85A9-84645BB875B3}.Release|Any CPU.Build.0 = Release|Any CPU
		{731256B5-200B-4CF5-85A9-84645BB875B3}.Release|Mixed Platforms.ActiveCfg = Release|Any CPU
		{731256B5-200B-4CF5-85A9-84645BB875B3}.Release|Mixed Platforms.Build.0 = Release|Any CPU
		{731256B5-200B-4CF5-85A9-84645BB875B3}.Release|x86.ActiveCfg = Release|Any CPU
		{60CB4372-FB55-4C99-BB24-769BAB39E96F}.Debug|Any CPU.ActiveCfg = Debug|Any CPU
		{60CB4372-FB55-4C99-BB24-769BAB39E96F}.Debug|Any CPU.Build.0 = Debug|Any CPU
		{60CB4372-FB55-4C99-BB24-769BAB39E96F}.Debug|Mixed Platforms.ActiveCfg = Debug|Any CPU
		{60CB4372-FB55-4C99-BB24-769BAB39E96F}.Debug|Mixed Platforms.Build.0 = Debug|Any CPU
		{60CB4372-FB55-4C99-BB24-769BAB39E96F}.Debug|x86.ActiveCfg = Debug|Any CPU
		{60CB4372-FB55-4C99-BB24-769BAB39E96F}.Release|Any CPU.ActiveCfg = Release|Any CPU
		{60CB4372-FB55-4C99-BB24-769BAB39E96F}.Release|Any CPU.Build.0 = Release|Any CPU
		{60CB4372-FB55-4C99-BB24-769BAB39E96F}.Release|Mixed Platforms.ActiveCfg = Release|Any CPU
		{60CB4372-FB55-4C99-BB24-769BAB39E96F}.Release|Mixed Platforms.Build.0 = Release|Any CPU
		{60CB4372-FB55-4C99-BB24-769BAB39E96F}.Release|x86.ActiveCfg = Release|Any CPU
		{ABF29B87-15B0-4F08-94C4-415EC14BA515}.Debug|Any CPU.ActiveCfg = Debug|Any CPU
		{ABF29B87-15B0-4F08-94C4-415EC14BA515}.Debug|Any CPU.Build.0 = Debug|Any CPU
		{ABF29B87-15B0-4F08-94C4-415EC14BA515}.Debug|Mixed Platforms.ActiveCfg = Debug|Any CPU
		{ABF29B87-15B0-4F08-94C4-415EC14BA515}.Debug|Mixed Platforms.Build.0 = Debug|Any CPU
		{ABF29B87-15B0-4F08-94C4-415EC14BA515}.Debug|x86.ActiveCfg = Debug|Any CPU
		{ABF29B87-15B0-4F08-94C4-415EC14BA515}.Release|Any CPU.ActiveCfg = Release|Any CPU
		{ABF29B87-15B0-4F08-94C4-415EC14BA515}.Release|Any CPU.Build.0 = Release|Any CPU
		{ABF29B87-15B0-4F08-94C4-415EC14BA515}.Release|Mixed Platforms.ActiveCfg = Release|Any CPU
		{ABF29B87-15B0-4F08-94C4-415EC14BA515}.Release|Mixed Platforms.Build.0 = Release|Any CPU
		{ABF29B87-15B0-4F08-94C4-415EC14BA515}.Release|x86.ActiveCfg = Release|Any CPU
		{8B682AA3-8686-4224-BDE8-52F40DDAA09D}.Debug|Any CPU.ActiveCfg = Debug|Any CPU
		{8B682AA3-8686-4224-BDE8-52F40DDAA09D}.Debug|Any CPU.Build.0 = Debug|Any CPU
		{8B682AA3-8686-4224-BDE8-52F40DDAA09D}.Debug|Mixed Platforms.ActiveCfg = Debug|Any CPU
		{8B682AA3-8686-4224-BDE8-52F40DDAA09D}.Debug|Mixed Platforms.Build.0 = Debug|Any CPU
		{8B682AA3-8686-4224-BDE8-52F40DDAA09D}.Debug|x86.ActiveCfg = Debug|Any CPU
		{8B682AA3-8686-4224-BDE8-52F40DDAA09D}.Release|Any CPU.ActiveCfg = Release|Any CPU
		{8B682AA3-8686-4224-BDE8-52F40DDAA09D}.Release|Any CPU.Build.0 = Release|Any CPU
		{8B682AA3-8686-4224-BDE8-52F40DDAA09D}.Release|Mixed Platforms.ActiveCfg = Release|Any CPU
		{8B682AA3-8686-4224-BDE8-52F40DDAA09D}.Release|Mixed Platforms.Build.0 = Release|Any CPU
		{8B682AA3-8686-4224-BDE8-52F40DDAA09D}.Release|x86.ActiveCfg = Release|Any CPU
	EndGlobalSection
	GlobalSection(SolutionProperties) = preSolution
		HideSolutionNode = FALSE
	EndGlobalSection
	GlobalSection(NestedProjects) = preSolution
		{1EE639C5-0D29-49A1-814B-0CCF3FAFF4A6} = {D87FE5AA-27B2-413F-9EDE-E4E6CCC93ADB}
		{3DCD6E13-B8CE-43EE-8FC5-9505707AFB26} = {D87FE5AA-27B2-413F-9EDE-E4E6CCC93ADB}
		{CE5CCB8B-F8D9-4129-BC22-4F7B18383B7C} = {D87FE5AA-27B2-413F-9EDE-E4E6CCC93ADB}
		{731256B5-200B-4CF5-85A9-84645BB875B3} = {D87FE5AA-27B2-413F-9EDE-E4E6CCC93ADB}
		{60CB4372-FB55-4C99-BB24-769BAB39E96F} = {D87FE5AA-27B2-413F-9EDE-E4E6CCC93ADB}
		{ABF29B87-15B0-4F08-94C4-415EC14BA515} = {D87FE5AA-27B2-413F-9EDE-E4E6CCC93ADB}
		{8B682AA3-8686-4224-BDE8-52F40DDAA09D} = {D87FE5AA-27B2-413F-9EDE-E4E6CCC93ADB}
		{2D6CDDA3-B88F-4BD3-B225-1BE9E57230D3} = {339A4375-CB14-4F87-9FBF-5304841BD314}
		{4D85DDC5-17C1-4DC3-B1FF-C97995CB264A} = {339A4375-CB14-4F87-9FBF-5304841BD314}
		{9341410E-4AA3-416A-B44E-88745DECBE81} = {4C5CD765-7035-4ED0-8845-46A1C426242E}
	EndGlobalSection
	GlobalSection(SubversionScc) = preSolution
		Svn-Managed = True
		Manager = AnkhSVN - Subversion Support for Visual Studio
	EndGlobalSection
EndGlobal
